{
  "name": "crewlyze",
  "version": "1.0.4",
  "lockfileVersion": 3,
  "requires": true,
  "packages": {
    "": {
      "name": "crewlyze",
      "version": "1.0.4",
      "hasInstallScript": true,
      "license": "MIT",
      "dependencies": {
        "crewlyze": "^1.0.4"
      },
      "bin": {
        "crewlyze": "bin/crewlyze.js"
      }
    },
    "node_modules/crewlyze": {
      "version": "1.0.4",
      "resolved": "https://registry.npmjs.org/crewlyze/-/crewlyze-1.0.4.tgz",
      "integrity": "sha512-ZKz466rqrq8EF6cU3Rgss51bAi//YCIMA76AUxo7eDlYM5EqX7uM6XCNuUlkr1+LmqbvCrgah/DWMrrZ1iemaA==",
      "hasInstallScript": true,
      "license": "MIT",
      "bin": {
        "crewlyze": "bin/crewlyze.js"
      }
    }
  }
}
